{
    "name": "secure-api",
    "version": "1.0.0",
    "lockfileVersion": 2,
    "requires": true,
    "packages": {
        "": {
            "name": "secure-api",
            "version": "1.0.0",
            "license": "ISC",
            "dependencies": {
                "dotenv": "^16.0.0",
                "express": "^3.3.2",
                "knex": "^0.4",
                "pg": "^8.9.0"
            }
        },
        "node_modules/buffer-crc32": {
            "version": "0.2.1",
            "resolved": "https://registry.npmjs.org/buffer-crc32/-/buffer-crc32-0.2.1.tgz",
            "integrity": "sha512-vMfBIRp/wjlpueSz7Sb0OmO7C5SH58SSmbsT8G4D48YfO/Zgbr29xNXMpZVSC14ujVJfrZZH1Bl+kXYRQPuvfQ==",
            "engines": {
                "node": "*"
            }
        },
        "node_modules/buffer-writer": {
            "version": "2.0.0",
            "resolved": "https://registry.npmjs.org/buffer-writer/-/buffer-writer-2.0.0.tgz",
            "integrity": "sha512-a7ZpuTZU1TRtnwyCNW3I5dc0wWNC3VR9S++Ewyk2HHZdrO3CQJqSpd+95Us590V6AL7JqUAH2IwZ/398PmNFgw==",
            "engines": {
                "node": ">=4"
            }
        },
        "node_modules/bytes": {
            "version": "0.2.0",
            "resolved": "https://registry.npmjs.org/bytes/-/bytes-0.2.0.tgz",
            "integrity": "sha512-qH6XVfDizpXcxZisRfVo6rtnGQC2EoF88+p29KDyGN/0VQXFJ+ot8pkYiD673sUgeTirO42UVBitFOFzjVOIrQ=="
        },
        "node_modules/commander": {
            "version": "0.6.1",
            "resolved": "https://registry.npmjs.org/commander/-/commander-0.6.1.tgz",
            "integrity": "sha512-0fLycpl1UMTGX257hRsu/arL/cUbcvQM4zMKwvLvzXtfdezIV4yotPS2dYtknF+NmEfWSoCEF6+hj9XLm/6hEw==",
            "engines": {
                "node": ">= 0.4.x"
            }
        },
        "node_modules/connect": {
            "version": "2.8.2",
            "resolved": "https://registry.npmjs.org/connect/-/connect-2.8.2.tgz",
            "integrity": "sha512-TpYjN0snawcIxorWN/IQQn2I/KyVn7MuglX3iV7pFjO4sNPdjcCzYfktQKRSCtdd61uDGaad3EmreixpckONJw==",
            "deprecated": "connect 2.x series is deprecated",
            "dependencies": {
                "buffer-crc32": "0.2.1",
                "bytes": "0.2.0",
                "cookie": "0.1.0",
                "cookie-signature": "1.0.1",
                "debug": "*",
                "formidable": "1.0.14",
                "fresh": "0.1.0",
                "methods": "0.0.1",
                "pause": "0.0.1",
                "qs": "0.6.5",
                "send": "0.1.2",
                "uid2": "0.0.2"
            },
            "engines": {
                "node": ">= 0.8.0"
            }
        },
        "node_modules/cookie": {
            "version": "0.1.0",
            "resolved": "https://registry.npmjs.org/cookie/-/cookie-0.1.0.tgz",
            "integrity": "sha512-YSNOBX085/nzHvrTLEHYHoNdkvpLU1MPjU3r1IGawudZJjfuqnRNIFrcOJJ7bfwC+HWbHL1Y4yMkC0O+HWjV7w==",
            "engines": {
                "node": "*"
            }
        },
        "node_modules/cookie-signature": {
            "version": "1.0.1",
            "resolved": "https://registry.npmjs.org/cookie-signature/-/cookie-signature-1.0.1.tgz",
            "integrity": "sha512-FMG5ziBzXZ5d4j5obbWOH1X7AtIpsU9ce9mQ+lHo/I1++kzz/isNarOj6T1lBPRspP3mZpuIutc7OVDVcaN1Kg=="
        },
        "node_modules/debug": {
            "version": "4.3.4",
            "resolved": "https://registry.npmjs.org/debug/-/debug-4.3.4.tgz",
            "integrity": "sha512-PRWFHuSU3eDtQJPvnNY7Jcket1j0t5OuOsFzPPzsekD52Zl8qUfFIPEiswXqIvHWGVHOgX+7G/vCNNhehwxfkQ==",
            "dependencies": {
                "ms": "2.1.2"
            },
            "engines": {
                "node": ">=6.0"
            },
            "peerDependenciesMeta": {
                "supports-color": {
                    "optional": true
                }
            }
        },
        "node_modules/dotenv": {
            "version": "16.0.0",
            "resolved": "https://registry.npmjs.org/dotenv/-/dotenv-16.0.0.tgz",
            "integrity": "sha512-qD9WU0MPM4SWLPJy/r2Be+2WgQj8plChsyrCNQzW/0WjvcJQiKQJ9mH3ZgB3fxbUUxgc/11ZJ0Fi5KiimWGz2Q==",
            "engines": {
                "node": ">=12"
            }
        },
        "node_modules/express": {
            "version": "3.3.2",
            "resolved": "https://registry.npmjs.org/express/-/express-3.3.2.tgz",
            "integrity": "sha512-MZZiAWL1CQCiMHkDv4BPbTzBzH2i3hjUZudTsBJWzDbA2alXBqajYUSr0rBS0fCaGwyI+VMM4PkeCRfbl+Qk3A==",
            "dependencies": {
                "buffer-crc32": "0.2.1",
                "commander": "0.6.1",
                "connect": "2.8.2",
                "cookie": "0.1.0",
                "cookie-signature": "1.0.1",
                "debug": "*",
                "fresh": "0.1.0",
                "methods": "0.0.1",
                "mkdirp": "0.3.4",
                "range-parser": "0.0.4",
                "send": "0.1.2"
            },
            "bin": {
                "express": "bin/express"
            },
            "engines": {
                "node": "*"
            }
        },
        "node_modules/formidable": {
            "version": "1.0.14",
            "resolved": "https://registry.npmjs.org/formidable/-/formidable-1.0.14.tgz",
            "integrity": "sha512-aOskFHEfYwkSKSzGui5jhQ+uyLo2NTwpzhndggz2YZHlv0HkAi+zG5ZEBCL3GTvqLyr/FzX9Mvx9DueCmu2HzQ==",
            "deprecated": "Please upgrade to latest, formidable@v2 or formidable@v3! Check these notes: https://bit.ly/2ZEqIau",
            "engines": {
                "node": ">=0.8.0"
            }
        },
        "node_modules/fresh": {
            "version": "0.1.0",
            "resolved": "https://registry.npmjs.org/fresh/-/fresh-0.1.0.tgz",
            "integrity": "sha512-ROG9M8tikYOuOJsvRBggh10WiQ/JebnldAwuCaQyFoiAUIE9XrYVnpznIjOQGZfCMzxzEBYHQr/LHJp3tcndzQ==",
            "engines": {
                "node": "*"
            }
        },
        "node_modules/generic-pool-redux": {
            "version": "0.1.0",
            "resolved": "https://registry.npmjs.org/generic-pool-redux/-/generic-pool-redux-0.1.0.tgz",
            "integrity": "sha1-MmwllOF/uk1PBiLP4JrMPITLOoI=",
            "engines": {
                "node": ">= 0.2.0"
            }
        },
        "node_modules/knex": {
            "version": "0.4.13",
            "resolved": "https://registry.npmjs.org/knex/-/knex-0.4.13.tgz",
            "integrity": "sha1-IdjJrXaSnsriCgEmMSu9O7y7n/M=",
            "dependencies": {
                "generic-pool-redux": "~0.1.0",
                "underscore": "~1.5.1",
                "when": "~2.4.0"
            }
        },
        "node_modules/methods": {
            "version": "0.0.1",
            "resolved": "https://registry.npmjs.org/methods/-/methods-0.0.1.tgz",
            "integrity": "sha512-pB8oFfci/xcfUgM6DTxc7lbTKifPPgs3mZUOsEgaH+1TTWpmcmv3sHl+5sUHIj2X2W8aPYa2+nJealRHK+Lo6A=="
        },
        "node_modules/mime": {
            "version": "1.2.11",
            "resolved": "https://registry.npmjs.org/mime/-/mime-1.2.11.tgz",
            "integrity": "sha512-Ysa2F/nqTNGHhhm9MV8ure4+Hc+Y8AWiqUdHxsO7xu8zc92ND9f3kpALHjaP026Ft17UfxrMt95c50PLUeynBw=="
        },
        "node_modules/mkdirp": {
            "version": "0.3.4",
            "resolved": "https://registry.npmjs.org/mkdirp/-/mkdirp-0.3.4.tgz",
            "integrity": "sha512-sZObLj65ImOahHTaycVJF559muyAvv1hYyBQSfVfZq9ajpgY9Da+cRQzbXDfsKJTwUMUABRjBMDHieYqbHKx0g==",
            "deprecated": "Legacy versions of mkdirp are no longer supported. Please update to mkdirp 1.x. (Note that the API surface has changed to use Promises in 1.x.)",
            "engines": {
                "node": "*"
            }
        },
        "node_modules/ms": {
            "version": "2.1.2",
            "resolved": "https://registry.npmjs.org/ms/-/ms-2.1.2.tgz",
            "integrity": "sha512-sGkPx+VjMtmA6MX27oA4FBFELFCZZ4S4XqeGOXCv68tT+jb3vk/RyaKWP0PTKyWtmLSM0b+adUTEvbs1PEaH2w=="
        },
        "node_modules/packet-reader": {
            "version": "1.0.0",
            "resolved": "https://registry.npmjs.org/packet-reader/-/packet-reader-1.0.0.tgz",
            "integrity": "sha512-HAKu/fG3HpHFO0AA8WE8q2g+gBJaZ9MG7fcKk+IJPLTGAD6Psw4443l+9DGRbOIh3/aXr7Phy0TjilYivJo5XQ=="
        },
        "node_modules/pause": {
            "version": "0.0.1",
            "resolved": "https://registry.npmjs.org/pause/-/pause-0.0.1.tgz",
            "integrity": "sha512-KG8UEiEVkR3wGEb4m5yZkVCzigAD+cVEJck2CzYZO37ZGJfctvVptVO192MwrtPhzONn6go8ylnOdMhKqi4nfg=="
        },
        "node_modules/pg": {
            "version": "8.9.0",
            "resolved": "https://registry.npmjs.org/pg/-/pg-8.9.0.tgz",
            "integrity": "sha512-ZJM+qkEbtOHRuXjmvBtOgNOXOtLSbxiMiUVMgE4rV6Zwocy03RicCVvDXgx8l4Biwo8/qORUnEqn2fdQzV7KCg==",
            "dependencies": {
                "buffer-writer": "2.0.0",
                "packet-reader": "1.0.0",
                "pg-connection-string": "^2.5.0",
                "pg-pool": "^3.5.2",
                "pg-protocol": "^1.6.0",
                "pg-types": "^2.1.0",
                "pgpass": "1.x"
            },
            "engines": {
                "node": ">= 8.0.0"
            },
            "peerDependencies": {
                "pg-native": ">=3.0.1"
            },
            "peerDependenciesMeta": {
                "pg-native": {
                    "optional": true
                }
            }
        },
        "node_modules/pg-connection-string": {
            "version": "2.5.0",
            "resolved": "https://registry.npmjs.org/pg-connection-string/-/pg-connection-string-2.5.0.tgz",
            "integrity": "sha512-r5o/V/ORTA6TmUnyWZR9nCj1klXCO2CEKNRlVuJptZe85QuhFayC7WeMic7ndayT5IRIR0S0xFxFi2ousartlQ=="
        },
        "node_modules/pg-int8": {
            "version": "1.0.1",
            "resolved": "https://registry.npmjs.org/pg-int8/-/pg-int8-1.0.1.tgz",
            "integrity": "sha512-WCtabS6t3c8SkpDBUlb1kjOs7l66xsGdKpIPZsg4wR+B3+u9UAum2odSsF9tnvxg80h4ZxLWMy4pRjOsFIqQpw==",
            "engines": {
                "node": ">=4.0.0"
            }
        },
        "node_modules/pg-pool": {
            "version": "3.5.2",
            "resolved": "https://registry.npmjs.org/pg-pool/-/pg-pool-3.5.2.tgz",
            "integrity": "sha512-His3Fh17Z4eg7oANLob6ZvH8xIVen3phEZh2QuyrIl4dQSDVEabNducv6ysROKpDNPSD+12tONZVWfSgMvDD9w==",
            "peerDependencies": {
                "pg": ">=8.0"
            }
        },
        "node_modules/pg-protocol": {
            "version": "1.6.0",
            "resolved": "https://registry.npmjs.org/pg-protocol/-/pg-protocol-1.6.0.tgz",
            "integrity": "sha512-M+PDm637OY5WM307051+bsDia5Xej6d9IR4GwJse1qA1DIhiKlksvrneZOYQq42OM+spubpcNYEo2FcKQrDk+Q=="
        },
        "node_modules/pg-types": {
            "version": "2.2.0",
            "resolved": "https://registry.npmjs.org/pg-types/-/pg-types-2.2.0.tgz",
            "integrity": "sha512-qTAAlrEsl8s4OiEQY69wDvcMIdQN6wdz5ojQiOy6YRMuynxenON0O5oCpJI6lshc6scgAY8qvJ2On/p+CXY0GA==",
            "dependencies": {
                "pg-int8": "1.0.1",
                "postgres-array": "~2.0.0",
                "postgres-bytea": "~1.0.0",
                "postgres-date": "~1.0.4",
                "postgres-interval": "^1.1.0"
            },
            "engines": {
                "node": ">=4"
            }
        },
        "node_modules/pgpass": {
            "version": "1.0.5",
            "resolved": "https://registry.npmjs.org/pgpass/-/pgpass-1.0.5.tgz",
            "integrity": "sha512-FdW9r/jQZhSeohs1Z3sI1yxFQNFvMcnmfuj4WBMUTxOrAyLMaTcE1aAMBiTlbMNaXvBCQuVi0R7hd8udDSP7ug==",
            "dependencies": {
                "split2": "^4.1.0"
            }
        },
        "node_modules/postgres-array": {
            "version": "2.0.0",
            "resolved": "https://registry.npmjs.org/postgres-array/-/postgres-array-2.0.0.tgz",
            "integrity": "sha512-VpZrUqU5A69eQyW2c5CA1jtLecCsN2U/bD6VilrFDWq5+5UIEVO7nazS3TEcHf1zuPYO/sqGvUvW62g86RXZuA==",
            "engines": {
                "node": ">=4"
            }
        },
        "node_modules/postgres-bytea": {
            "version": "1.0.0",
            "resolved": "https://registry.npmjs.org/postgres-bytea/-/postgres-bytea-1.0.0.tgz",
            "integrity": "sha1-AntTPAqokOJtFy1Hz5zOzFIazTU=",
            "engines": {
                "node": ">=0.10.0"
            }
        },
        "node_modules/postgres-date": {
            "version": "1.0.7",
            "resolved": "https://registry.npmjs.org/postgres-date/-/postgres-date-1.0.7.tgz",
            "integrity": "sha512-suDmjLVQg78nMK2UZ454hAG+OAW+HQPZ6n++TNDUX+L0+uUlLywnoxJKDou51Zm+zTCjrCl0Nq6J9C5hP9vK/Q==",
            "engines": {
                "node": ">=0.10.0"
            }
        },
        "node_modules/postgres-interval": {
            "version": "1.2.0",
            "resolved": "https://registry.npmjs.org/postgres-interval/-/postgres-interval-1.2.0.tgz",
            "integrity": "sha512-9ZhXKM/rw350N1ovuWHbGxnGh/SNJ4cnxHiM0rxE4VN41wsg8P8zWn9hv/buK00RP4WvlOyr/RBDiptyxVbkZQ==",
            "dependencies": {
                "xtend": "^4.0.0"
            },
            "engines": {
                "node": ">=0.10.0"
            }
        },
        "node_modules/qs": {
            "version": "0.6.5",
            "resolved": "https://registry.npmjs.org/qs/-/qs-0.6.5.tgz",
            "integrity": "sha512-n7wA/f30O3SsOw2BVkGUDzjWMw7kXvQJWKtDdgfq5HJvDoad+Jbc6osN1AQ0Iain5plo9e7Cs5fE+xR+DVkPTw==",
            "engines": {
                "node": "*"
            }
        },
        "node_modules/range-parser": {
            "version": "0.0.4",
            "resolved": "https://registry.npmjs.org/range-parser/-/range-parser-0.0.4.tgz",
            "integrity": "sha512-okJVEq9DbZyg+5lD8pr6ooQmeA0uu8DYIyAU7VK1WUUK7hctI1yw2ZHhKiKjB6RXaDrYRmTR4SsIHkyiQpaLMA==",
            "engines": {
                "node": "*"
            }
        },
        "node_modules/send": {
            "version": "0.1.2",
            "resolved": "https://registry.npmjs.org/send/-/send-0.1.2.tgz",
            "integrity": "sha512-bnL7/kaSbL5L1xQjTDtSMi7HNydwyBZbGaK7nylypGUEWsbbSpL8wpvoK5b5K6yWNaTR3mnPO0MLh4+/Mw3/XA==",
            "dependencies": {
                "debug": "*",
                "fresh": "0.1.0",
                "mime": "~1.2.9",
                "range-parser": "0.0.4"
            }
        },
        "node_modules/split2": {
            "version": "4.1.0",
            "resolved": "https://registry.npmjs.org/split2/-/split2-4.1.0.tgz",
            "integrity": "sha512-VBiJxFkxiXRlUIeyMQi8s4hgvKCSjtknJv/LVYbrgALPwf5zSKmEwV9Lst25AkvMDnvxODugjdl6KZgwKM1WYQ==",
            "engines": {
                "node": ">= 10.x"
            }
        },
        "node_modules/uid2": {
            "version": "0.0.2",
            "resolved": "https://registry.npmjs.org/uid2/-/uid2-0.0.2.tgz",
            "integrity": "sha512-FjCp6IusuzzbZG8y0MDDsXcPwYuDAD6jK/0uzxwTFZy2/WaJEFCpQevYE9DPJsJQLMZSxX5x4HY3W7uTKhhI6Q=="
        },
        "node_modules/underscore": {
            "version": "1.5.2",
            "resolved": "https://registry.npmjs.org/underscore/-/underscore-1.5.2.tgz",
            "integrity": "sha1-EzXF5PXm0zu7SwBrqMhqAPVW3gg="
        },
        "node_modules/when": {
            "version": "2.4.0",
            "resolved": "https://registry.npmjs.org/when/-/when-2.4.0.tgz",
            "integrity": "sha1-S3YhcKTe5nE1vWKsPSLMT8ZM+DE="
        },
        "node_modules/xtend": {
            "version": "4.0.2",
            "resolved": "https://registry.npmjs.org/xtend/-/xtend-4.0.2.tgz",
            "integrity": "sha512-LKYU1iAXJXUgAXn9URjiu+MWhyUXHsvfp7mcuYm9dSUKK0/CjtrUwFAxD82/mCWbtLsGjFIad0wIsod4zrTAEQ==",
            "engines": {
                "node": ">=0.4"
            }
        }
    },
    "dependencies": {
        "buffer-crc32": {
            "version": "0.2.1",
            "resolved": "https://registry.npmjs.org/buffer-crc32/-/buffer-crc32-0.2.1.tgz",
            "integrity": "sha512-vMfBIRp/wjlpueSz7Sb0OmO7C5SH58SSmbsT8G4D48YfO/Zgbr29xNXMpZVSC14ujVJfrZZH1Bl+kXYRQPuvfQ=="
        },
        "buffer-writer": {
            "version": "2.0.0",
            "resolved": "https://registry.npmjs.org/buffer-writer/-/buffer-writer-2.0.0.tgz",
            "integrity": "sha512-a7ZpuTZU1TRtnwyCNW3I5dc0wWNC3VR9S++Ewyk2HHZdrO3CQJqSpd+95Us590V6AL7JqUAH2IwZ/398PmNFgw=="
        },
        "bytes": {
            "version": "0.2.0",
            "resolved": "https://registry.npmjs.org/bytes/-/bytes-0.2.0.tgz",
            "integrity": "sha512-qH6XVfDizpXcxZisRfVo6rtnGQC2EoF88+p29KDyGN/0VQXFJ+ot8pkYiD673sUgeTirO42UVBitFOFzjVOIrQ=="
        },
        "commander": {
            "version": "0.6.1",
            "resolved": "https://registry.npmjs.org/commander/-/commander-0.6.1.tgz",
            "integrity": "sha512-0fLycpl1UMTGX257hRsu/arL/cUbcvQM4zMKwvLvzXtfdezIV4yotPS2dYtknF+NmEfWSoCEF6+hj9XLm/6hEw=="
        },
        "connect": {
            "version": "2.8.2",
            "resolved": "https://registry.npmjs.org/connect/-/connect-2.8.2.tgz",
            "integrity": "sha512-TpYjN0snawcIxorWN/IQQn2I/KyVn7MuglX3iV7pFjO4sNPdjcCzYfktQKRSCtdd61uDGaad3EmreixpckONJw==",
            "requires": {
                "buffer-crc32": "0.2.1",
                "bytes": "0.2.0",
                "cookie": "0.1.0",
                "cookie-signature": "1.0.1",
                "debug": "*",
                "formidable": "1.0.14",
                "fresh": "0.1.0",
                "methods": "0.0.1",
                "pause": "0.0.1",
                "qs": "0.6.5",
                "send": "0.1.2",
                "uid2": "0.0.2"
            }
        },
        "cookie": {
            "version": "0.1.0",
            "resolved": "https://registry.npmjs.org/cookie/-/cookie-0.1.0.tgz",
            "integrity": "sha512-YSNOBX085/nzHvrTLEHYHoNdkvpLU1MPjU3r1IGawudZJjfuqnRNIFrcOJJ7bfwC+HWbHL1Y4yMkC0O+HWjV7w=="
        },
        "cookie-signature": {
            "version": "1.0.1",
            "resolved": "https://registry.npmjs.org/cookie-signature/-/cookie-signature-1.0.1.tgz",
            "integrity": "sha512-FMG5ziBzXZ5d4j5obbWOH1X7AtIpsU9ce9mQ+lHo/I1++kzz/isNarOj6T1lBPRspP3mZpuIutc7OVDVcaN1Kg=="
        },
        "debug": {
            "version": "4.3.4",
            "resolved": "https://registry.npmjs.org/debug/-/debug-4.3.4.tgz",
            "integrity": "sha512-PRWFHuSU3eDtQJPvnNY7Jcket1j0t5OuOsFzPPzsekD52Zl8qUfFIPEiswXqIvHWGVHOgX+7G/vCNNhehwxfkQ==",
            "requires": {
                "ms": "2.1.2"
            }
        },
        "dotenv": {
            "version": "16.0.0",
            "resolved": "https://registry.npmjs.org/dotenv/-/dotenv-16.0.0.tgz",
            "integrity": "sha512-qD9WU0MPM4SWLPJy/r2Be+2WgQj8plChsyrCNQzW/0WjvcJQiKQJ9mH3ZgB3fxbUUxgc/11ZJ0Fi5KiimWGz2Q=="
        },
        "express": {
            "version": "3.3.2",
            "resolved": "https://registry.npmjs.org/express/-/express-3.3.2.tgz",
            "integrity": "sha512-MZZiAWL1CQCiMHkDv4BPbTzBzH2i3hjUZudTsBJWzDbA2alXBqajYUSr0rBS0fCaGwyI+VMM4PkeCRfbl+Qk3A==",
            "requires": {
                "buffer-crc32": "0.2.1",
                "commander": "0.6.1",
                "connect": "2.8.2",
                "cookie": "0.1.0",
                "cookie-signature": "1.0.1",
                "debug": "*",
                "fresh": "0.1.0",
                "methods": "0.0.1",
                "mkdirp": "0.3.4",
                "range-parser": "0.0.4",
                "send": "0.1.2"
            }
        },
        "formidable": {
            "version": "1.0.14",
            "resolved": "https://registry.npmjs.org/formidable/-/formidable-1.0.14.tgz",
            "integrity": "sha512-aOskFHEfYwkSKSzGui5jhQ+uyLo2NTwpzhndggz2YZHlv0HkAi+zG5ZEBCL3GTvqLyr/FzX9Mvx9DueCmu2HzQ=="
        },
        "fresh": {
            "version": "0.1.0",
            "resolved": "https://registry.npmjs.org/fresh/-/fresh-0.1.0.tgz",
            "integrity": "sha512-ROG9M8tikYOuOJsvRBggh10WiQ/JebnldAwuCaQyFoiAUIE9XrYVnpznIjOQGZfCMzxzEBYHQr/LHJp3tcndzQ=="
        },
        "generic-pool-redux": {
            "version": "0.1.0",
            "resolved": "https://registry.npmjs.org/generic-pool-redux/-/generic-pool-redux-0.1.0.tgz",
            "integrity": "sha1-MmwllOF/uk1PBiLP4JrMPITLOoI="
        },
        "knex": {
            "version": "0.4.13",
            "resolved": "https://registry.npmjs.org/knex/-/knex-0.4.13.tgz",
            "integrity": "sha1-IdjJrXaSnsriCgEmMSu9O7y7n/M=",
            "requires": {
                "generic-pool-redux": "~0.1.0",
                "underscore": "~1.5.1",
                "when": "~2.4.0"
            }
        },
        "methods": {
            "version": "0.0.1",
            "resolved": "https://registry.npmjs.org/methods/-/methods-0.0.1.tgz",
            "integrity": "sha512-pB8oFfci/xcfUgM6DTxc7lbTKifPPgs3mZUOsEgaH+1TTWpmcmv3sHl+5sUHIj2X2W8aPYa2+nJealRHK+Lo6A=="
        },
        "mime": {
            "version": "1.2.11",
            "resolved": "https://registry.npmjs.org/mime/-/mime-1.2.11.tgz",
            "integrity": "sha512-Ysa2F/nqTNGHhhm9MV8ure4+Hc+Y8AWiqUdHxsO7xu8zc92ND9f3kpALHjaP026Ft17UfxrMt95c50PLUeynBw=="
        },
        "mkdirp": {
            "version": "0.3.4",
            "resolved": "https://registry.npmjs.org/mkdirp/-/mkdirp-0.3.4.tgz",
            "integrity": "sha512-sZObLj65ImOahHTaycVJF559muyAvv1hYyBQSfVfZq9ajpgY9Da+cRQzbXDfsKJTwUMUABRjBMDHieYqbHKx0g=="
        },
        "ms": {
            "version": "2.1.2",
            "resolved": "https://registry.npmjs.org/ms/-/ms-2.1.2.tgz",
            "integrity": "sha512-sGkPx+VjMtmA6MX27oA4FBFELFCZZ4S4XqeGOXCv68tT+jb3vk/RyaKWP0PTKyWtmLSM0b+adUTEvbs1PEaH2w=="
        },
        "packet-reader": {
            "version": "1.0.0",
            "resolved": "https://registry.npmjs.org/packet-reader/-/packet-reader-1.0.0.tgz",
            "integrity": "sha512-HAKu/fG3HpHFO0AA8WE8q2g+gBJaZ9MG7fcKk+IJPLTGAD6Psw4443l+9DGRbOIh3/aXr7Phy0TjilYivJo5XQ=="
        },
        "pause": {
            "version": "0.0.1",
            "resolved": "https://registry.npmjs.org/pause/-/pause-0.0.1.tgz",
            "integrity": "sha512-KG8UEiEVkR3wGEb4m5yZkVCzigAD+cVEJck2CzYZO37ZGJfctvVptVO192MwrtPhzONn6go8ylnOdMhKqi4nfg=="
        },
        "pg": {
            "version": "8.9.0",
            "resolved": "https://registry.npmjs.org/pg/-/pg-8.9.0.tgz",
            "integrity": "sha512-ZJM+qkEbtOHRuXjmvBtOgNOXOtLSbxiMiUVMgE4rV6Zwocy03RicCVvDXgx8l4Biwo8/qORUnEqn2fdQzV7KCg==",
            "requires": {
                "buffer-writer": "2.0.0",
                "packet-reader": "1.0.0",
                "pg-connection-string": "^2.5.0",
                "pg-pool": "^3.5.2",
                "pg-protocol": "^1.6.0",
                "pg-types": "^2.1.0",
                "pgpass": "1.x"
            }
        },
        "pg-connection-string": {
            "version": "2.5.0",
            "resolved": "https://registry.npmjs.org/pg-connection-string/-/pg-connection-string-2.5.0.tgz",
            "integrity": "sha512-r5o/V/ORTA6TmUnyWZR9nCj1klXCO2CEKNRlVuJptZe85QuhFayC7WeMic7ndayT5IRIR0S0xFxFi2ousartlQ=="
        },
        "pg-int8": {
            "version": "1.0.1",
            "resolved": "https://registry.npmjs.org/pg-int8/-/pg-int8-1.0.1.tgz",
            "integrity": "sha512-WCtabS6t3c8SkpDBUlb1kjOs7l66xsGdKpIPZsg4wR+B3+u9UAum2odSsF9tnvxg80h4ZxLWMy4pRjOsFIqQpw=="
        },
        "pg-pool": {
            "version": "3.5.2",
            "resolved": "https://registry.npmjs.org/pg-pool/-/pg-pool-3.5.2.tgz",
            "integrity": "sha512-His3Fh17Z4eg7oANLob6ZvH8xIVen3phEZh2QuyrIl4dQSDVEabNducv6ysROKpDNPSD+12tONZVWfSgMvDD9w==",
            "requires": {}
        },
        "pg-protocol": {
            "version": "1.6.0",
            "resolved": "https://registry.npmjs.org/pg-protocol/-/pg-protocol-1.6.0.tgz",
            "integrity": "sha512-M+PDm637OY5WM307051+bsDia5Xej6d9IR4GwJse1qA1DIhiKlksvrneZOYQq42OM+spubpcNYEo2FcKQrDk+Q=="
        },
        "pg-types": {
            "version": "2.2.0",
            "resolved": "https://registry.npmjs.org/pg-types/-/pg-types-2.2.0.tgz",
            "integrity": "sha512-qTAAlrEsl8s4OiEQY69wDvcMIdQN6wdz5ojQiOy6YRMuynxenON0O5oCpJI6lshc6scgAY8qvJ2On/p+CXY0GA==",
            "requires": {
                "pg-int8": "1.0.1",
                "postgres-array": "~2.0.0",
                "postgres-bytea": "~1.0.0",
                "postgres-date": "~1.0.4",
                "postgres-interval": "^1.1.0"
            }
        },
        "pgpass": {
            "version": "1.0.5",
            "resolved": "https://registry.npmjs.org/pgpass/-/pgpass-1.0.5.tgz",
            "integrity": "sha512-FdW9r/jQZhSeohs1Z3sI1yxFQNFvMcnmfuj4WBMUTxOrAyLMaTcE1aAMBiTlbMNaXvBCQuVi0R7hd8udDSP7ug==",
            "requires": {
                "split2": "^4.1.0"
            }
        },
        "postgres-array": {
            "version": "2.0.0",
            "resolved": "https://registry.npmjs.org/postgres-array/-/postgres-array-2.0.0.tgz",
            "integrity": "sha512-VpZrUqU5A69eQyW2c5CA1jtLecCsN2U/bD6VilrFDWq5+5UIEVO7nazS3TEcHf1zuPYO/sqGvUvW62g86RXZuA=="
        },
        "postgres-bytea": {
            "version": "1.0.0",
            "resolved": "https://registry.npmjs.org/postgres-bytea/-/postgres-bytea-1.0.0.tgz",
            "integrity": "sha1-AntTPAqokOJtFy1Hz5zOzFIazTU="
        },
        "postgres-date": {
            "version": "1.0.7",
            "resolved": "https://registry.npmjs.org/postgres-date/-/postgres-date-1.0.7.tgz",
            "integrity": "sha512-suDmjLVQg78nMK2UZ454hAG+OAW+HQPZ6n++TNDUX+L0+uUlLywnoxJKDou51Zm+zTCjrCl0Nq6J9C5hP9vK/Q=="
        },
        "postgres-interval": {
            "version": "1.2.0",
            "resolved": "https://registry.npmjs.org/postgres-interval/-/postgres-interval-1.2.0.tgz",
            "integrity": "sha512-9ZhXKM/rw350N1ovuWHbGxnGh/SNJ4cnxHiM0rxE4VN41wsg8P8zWn9hv/buK00RP4WvlOyr/RBDiptyxVbkZQ==",
            "requires": {
                "xtend": "^4.0.0"
            }
        },
        "qs": {
            "version": "0.6.5",
            "resolved": "https://registry.npmjs.org/qs/-/qs-0.6.5.tgz",
            "integrity": "sha512-n7wA/f30O3SsOw2BVkGUDzjWMw7kXvQJWKtDdgfq5HJvDoad+Jbc6osN1AQ0Iain5plo9e7Cs5fE+xR+DVkPTw=="
        },
        "range-parser": {
            "version": "0.0.4",
            "resolved": "https://registry.npmjs.org/range-parser/-/range-parser-0.0.4.tgz",
            "integrity": "sha512-okJVEq9DbZyg+5lD8pr6ooQmeA0uu8DYIyAU7VK1WUUK7hctI1yw2ZHhKiKjB6RXaDrYRmTR4SsIHkyiQpaLMA=="
        },
        "send": {
            "version": "0.1.2",
            "resolved": "https://registry.npmjs.org/send/-/send-0.1.2.tgz",
            "integrity": "sha512-bnL7/kaSbL5L1xQjTDtSMi7HNydwyBZbGaK7nylypGUEWsbbSpL8wpvoK5b5K6yWNaTR3mnPO0MLh4+/Mw3/XA==",
            "requires": {
                "debug": "*",
                "fresh": "0.1.0",
                "mime": "~1.2.9",
                "range-parser": "0.0.4"
            }
        },
        "split2": {
            "version": "4.1.0",
            "resolved": "https://registry.npmjs.org/split2/-/split2-4.1.0.tgz",
            "integrity": "sha512-VBiJxFkxiXRlUIeyMQi8s4hgvKCSjtknJv/LVYbrgALPwf5zSKmEwV9Lst25AkvMDnvxODugjdl6KZgwKM1WYQ=="
        },
        "uid2": {
            "version": "0.0.2",
            "resolved": "https://registry.npmjs.org/uid2/-/uid2-0.0.2.tgz",
            "integrity": "sha512-FjCp6IusuzzbZG8y0MDDsXcPwYuDAD6jK/0uzxwTFZy2/WaJEFCpQevYE9DPJsJQLMZSxX5x4HY3W7uTKhhI6Q=="
        },
        "underscore": {
            "version": "1.5.2",
            "resolved": "https://registry.npmjs.org/underscore/-/underscore-1.5.2.tgz",
            "integrity": "sha1-EzXF5PXm0zu7SwBrqMhqAPVW3gg="
        },
        "when": {
            "version": "2.4.0",
            "resolved": "https://registry.npmjs.org/when/-/when-2.4.0.tgz",
            "integrity": "sha1-S3YhcKTe5nE1vWKsPSLMT8ZM+DE="
        },
        "xtend": {
            "version": "4.0.2",
            "resolved": "https://registry.npmjs.org/xtend/-/xtend-4.0.2.tgz",
            "integrity": "sha512-LKYU1iAXJXUgAXn9URjiu+MWhyUXHsvfp7mcuYm9dSUKK0/CjtrUwFAxD82/mCWbtLsGjFIad0wIsod4zrTAEQ=="
        }
    }
}
